Microsoft Visual Studio Solution File, Format Version 12.00
# Visual Studio Version 17
VisualStudioVersion = 17.10.34916.146
MinimumVisualStudioVersion = 10.0.40219.1
Project("{FAE04EC0-301F-11D3-BF4B-00C04F79EFBC}") = "AspireAppPhi3.AppHost", "AspireAppPhi3.AppHost\AspireAppPhi3.AppHost.csproj", "{5ADC501B-5A9A-4CF9-BFBB-4971E6558018}"
EndProject
Project("{9A19103F-16F7-4668-BE54-9A1E7A4F7556}") = "AspireAppPhi3.ServiceDefaults", "AspireAppPhi3.ServiceDefaults\AspireAppPhi3.ServiceDefaults.csproj", "{84332CB0-D0BD-439D-80F8-6826E6B46D2D}"
EndProject
Project("{9A19103F-16F7-4668-BE54-9A1E7A4F7556}") = "AspireAppPhi3.ApiService", "AspireAppPhi3.ApiService\AspireAppPhi3.ApiService.csproj", "{DC9FAC42-95C4-4C81-896A-D3B53C48DA8F}"
EndProject
Project("{9A19103F-16F7-4668-BE54-9A1E7A4F7556}") = "AspireAppPhi3.Web", "AspireAppPhi3.Web\AspireAppPhi3.Web.csproj", "{1D947A7D-3D6E-418B-8670-0B812DED0BA7}"
EndProject
Global
	GlobalSection(SolutionConfigurationPlatforms) = preSolution
		Debug|Any CPU = Debug|Any CPU
		Release|Any CPU = Release|Any CPU
	EndGlobalSection
	GlobalSection(ProjectConfigurationPlatforms) = postSolution
		{5ADC501B-5A9A-4CF9-BFBB-4971E6558018}.Debug|Any CPU.ActiveCfg = Debug|Any CPU
		{5ADC501B-5A9A-4CF9-BFBB-4971E6558018}.Debug|Any CPU.Build.0 = Debug|Any CPU
		{5ADC501B-5A9A-4CF9-BFBB-4971E6558018}.Release|Any CPU.ActiveCfg = Release|Any CPU
		{5ADC501B-5A9A-4CF9-BFBB-4971E6558018}.Release|Any CPU.Build.0 = Release|Any CPU
		{84332CB0-D0BD-439D-80F8-6826E6B46D2D}.Debug|Any CPU.ActiveCfg = Debug|Any CPU
		{84332CB0-D0BD-439D-80F8-6826E6B46D2D}.Debug|Any CPU.Build.0 = Debug|Any CPU
		{84332CB0-D0BD-439D-80F8-6826E6B46D2D}.Release|Any CPU.ActiveCfg = Release|Any CPU
		{84332CB0-D0BD-439D-80F8-6826E6B46D2D}.Release|Any CPU.Build.0 = Release|Any CPU
		{DC9FAC42-95C4-4C81-896A-D3B53C48DA8F}.Debug|Any CPU.ActiveCfg = Debug|Any CPU
		{DC9FAC42-95C4-4C81-896A-D3B53C48DA8F}.Debug|Any CPU.Build.0 = Debug|Any CPU
		{DC9FAC42-95C4-4C81-896A-D3B53C48DA8F}.Release|Any CPU.ActiveCfg = Release|Any CPU
		{DC9FAC42-95C4-4C81-896A-D3B53C48DA8F}.Release|Any CPU.Build.0 = Release|Any CPU
		{1D947A7D-3D6E-418B-8670-0B812DED0BA7}.Debug|Any CPU.ActiveCfg = Debug|Any CPU
		{1D947A7D-3D6E-418B-8670-0B812DED0BA7}.Debug|Any CPU.Build.0 = Debug|Any CPU
		{1D947A7D-3D6E-418B-8670-0B812DED0BA7}.Release|Any CPU.ActiveCfg = Release|Any CPU
		{1D947A7D-3D6E-418B-8670-0B812DED0BA7}.Release|Any CPU.Build.0 = Release|Any CPU
	EndGlobalSection
	GlobalSection(SolutionProperties) = preSolution
		HideSolutionNode = FALSE
	EndGlobalSection
	GlobalSection(ExtensibilityGlobals) = postSolution
		SolutionGuid = {65965AAB-37A4-4C52-9EB5-C8FF6B959EFB}
	EndGlobalSection
EndGlobal
